
Microsoft Visual Studio Solution File, Format Version 12.00
# Visual Studio Version 17
VisualStudioVersion = 17.14.36109.1
MinimumVisualStudioVersion = 10.0.40219.1
Project("{2150E333-8FDC-42A3-9474-1A3956D46DE8}") = "Src", "Src", "{02EA681E-C7D8-13C7-8484-4AC65E1B71E8}"
EndProject
Project("{2150E333-8FDC-42A3-9474-1A3956D46DE8}") = "Tests", "Tests", "{A6D7105F-8BAD-4AF3-8C27-BF9A36C35D33}"
EndProject
Project("{2150E333-8FDC-42A3-9474-1A3956D46DE8}") = "Core", "Core", "{7FA7F78C-DD26-47F5-B23A-6C61572352C3}"
EndProject
Project("{2150E333-8FDC-42A3-9474-1A3956D46DE8}") = "External", "External", "{F1A66655-BB20-4AF4-B6A1-F29CEA282750}"
EndProject
Project("{2150E333-8FDC-42A3-9474-1A3956D46DE8}") = "Web", "Web", "{8B8892EA-0C1C-4F95-9AF9-3BBFF6C15E1A}"
EndProject
Project("{FAE04EC0-301F-11D3-BF4B-00C04F79EFBC}") = "SharedKernal", "Src\Core\SharedKernal\SharedKernal.csproj", "{AA181F3C-B7E8-4929-929B-417FB7CFE258}"
EndProject
Project("{FAE04EC0-301F-11D3-BF4B-00C04F79EFBC}") = "Domain", "Src\Core\Domain\Domain.csproj", "{2EEC597F-CF83-4F51-9FBA-E9A2FB0EFC64}"
EndProject
Project("{FAE04EC0-301F-11D3-BF4B-00C04F79EFBC}") = "Application", "Src\Core\Application\Application.csproj", "{E74A15B6-B16F-40C6-BFB8-645C96A56D33}"
EndProject
Project("{FAE04EC0-301F-11D3-BF4B-00C04F79EFBC}") = "Infrastructure", "Src\External\Infrastructure\Infrastructure.csproj", "{02EE0E31-8175-4A1D-B836-EBEE2AFF8DB9}"
EndProject
Project("{FAE04EC0-301F-11D3-BF4B-00C04F79EFBC}") = "Api", "Src\Web\Api\Api.csproj", "{DF94F058-E707-4007-AF77-2953B32F0522}"
EndProject
Project("{FAE04EC0-301F-11D3-BF4B-00C04F79EFBC}") = "Application.UnitTests", "Tests\Application.UnitTests\Application.UnitTests.csproj", "{46693473-71D0-4761-A375-857A06E27FF2}"
EndProject
Project("{FAE04EC0-301F-11D3-BF4B-00C04F79EFBC}") = "Architecture.Tests", "Tests\Architecture.Tests\Architecture.Tests.csproj", "{A8D09E77-BEDB-4B94-A03D-52670A27BB03}"
EndProject
Project("{2150E333-8FDC-42A3-9474-1A3956D46DE8}") = "Solution Items", "Solution Items", "{E9CD9194-2D55-42AC-BEA9-E03B11FED3F5}"
	ProjectSection(SolutionItems) = preProject
		.editorconfig = .editorconfig
		Directory.Build.props = Directory.Build.props
		Directory.Packages.props = Directory.Packages.props
	EndProjectSection
EndProject
Project("{FAE04EC0-301F-11D3-BF4B-00C04F79EFBC}") = "Persistence", "Src\External\Persistence\Persistence.csproj", "{504F4A5E-C9F2-4DAC-94D0-03802442844A}"
EndProject
Project("{FAE04EC0-301F-11D3-BF4B-00C04F79EFBC}") = "Presentation", "Src\External\Presentation\Presentation.csproj", "{1AFA3EC2-47BF-47CB-92B4-0F203CF430E5}"
EndProject
Global
	GlobalSection(SolutionConfigurationPlatforms) = preSolution
		Debug|Any CPU = Debug|Any CPU
		Release|Any CPU = Release|Any CPU
	EndGlobalSection
	GlobalSection(ProjectConfigurationPlatforms) = postSolution
		{AA181F3C-B7E8-4929-929B-417FB7CFE258}.Debug|Any CPU.ActiveCfg = Debug|Any CPU
		{AA181F3C-B7E8-4929-929B-417FB7CFE258}.Debug|Any CPU.Build.0 = Debug|Any CPU
		{AA181F3C-B7E8-4929-929B-417FB7CFE258}.Release|Any CPU.ActiveCfg = Release|Any CPU
		{AA181F3C-B7E8-4929-929B-417FB7CFE258}.Release|Any CPU.Build.0 = Release|Any CPU
		{2EEC597F-CF83-4F51-9FBA-E9A2FB0EFC64}.Debug|Any CPU.ActiveCfg = Debug|Any CPU
		{2EEC597F-CF83-4F51-9FBA-E9A2FB0EFC64}.Debug|Any CPU.Build.0 = Debug|Any CPU
		{2EEC597F-CF83-4F51-9FBA-E9A2FB0EFC64}.Release|Any CPU.ActiveCfg = Release|Any CPU
		{2EEC597F-CF83-4F51-9FBA-E9A2FB0EFC64}.Release|Any CPU.Build.0 = Release|Any CPU
		{E74A15B6-B16F-40C6-BFB8-645C96A56D33}.Debug|Any CPU.ActiveCfg = Debug|Any CPU
		{E74A15B6-B16F-40C6-BFB8-645C96A56D33}.Debug|Any CPU.Build.0 = Debug|Any CPU
		{E74A15B6-B16F-40C6-BFB8-645C96A56D33}.Release|Any CPU.ActiveCfg = Release|Any CPU
		{E74A15B6-B16F-40C6-BFB8-645C96A56D33}.Release|Any CPU.Build.0 = Release|Any CPU
		{02EE0E31-8175-4A1D-B836-EBEE2AFF8DB9}.Debug|Any CPU.ActiveCfg = Debug|Any CPU
		{02EE0E31-8175-4A1D-B836-EBEE2AFF8DB9}.Debug|Any CPU.Build.0 = Debug|Any CPU
		{02EE0E31-8175-4A1D-B836-EBEE2AFF8DB9}.Release|Any CPU.ActiveCfg = Release|Any CPU
		{02EE0E31-8175-4A1D-B836-EBEE2AFF8DB9}.Release|Any CPU.Build.0 = Release|Any CPU
		{DF94F058-E707-4007-AF77-2953B32F0522}.Debug|Any CPU.ActiveCfg = Debug|Any CPU
		{DF94F058-E707-4007-AF77-2953B32F0522}.Debug|Any CPU.Build.0 = Debug|Any CPU
		{DF94F058-E707-4007-AF77-2953B32F0522}.Release|Any CPU.ActiveCfg = Release|Any CPU
		{DF94F058-E707-4007-AF77-2953B32F0522}.Release|Any CPU.Build.0 = Release|Any CPU
		{46693473-71D0-4761-A375-857A06E27FF2}.Debug|Any CPU.ActiveCfg = Debug|Any CPU
		{46693473-71D0-4761-A375-857A06E27FF2}.Debug|Any CPU.Build.0 = Debug|Any CPU
		{46693473-71D0-4761-A375-857A06E27FF2}.Release|Any CPU.ActiveCfg = Release|Any CPU
		{46693473-71D0-4761-A375-857A06E27FF2}.Release|Any CPU.Build.0 = Release|Any CPU
		{A8D09E77-BEDB-4B94-A03D-52670A27BB03}.Debug|Any CPU.ActiveCfg = Debug|Any CPU
		{A8D09E77-BEDB-4B94-A03D-52670A27BB03}.Debug|Any CPU.Build.0 = Debug|Any CPU
		{A8D09E77-BEDB-4B94-A03D-52670A27BB03}.Release|Any CPU.ActiveCfg = Release|Any CPU
		{A8D09E77-BEDB-4B94-A03D-52670A27BB03}.Release|Any CPU.Build.0 = Release|Any CPU
		{504F4A5E-C9F2-4DAC-94D0-03802442844A}.Debug|Any CPU.ActiveCfg = Debug|Any CPU
		{504F4A5E-C9F2-4DAC-94D0-03802442844A}.Debug|Any CPU.Build.0 = Debug|Any CPU
		{504F4A5E-C9F2-4DAC-94D0-03802442844A}.Release|Any CPU.ActiveCfg = Release|Any CPU
		{504F4A5E-C9F2-4DAC-94D0-03802442844A}.Release|Any CPU.Build.0 = Release|Any CPU
		{1AFA3EC2-47BF-47CB-92B4-0F203CF430E5}.Debug|Any CPU.ActiveCfg = Debug|Any CPU
		{1AFA3EC2-47BF-47CB-92B4-0F203CF430E5}.Debug|Any CPU.Build.0 = Debug|Any CPU
		{1AFA3EC2-47BF-47CB-92B4-0F203CF430E5}.Release|Any CPU.ActiveCfg = Release|Any CPU
		{1AFA3EC2-47BF-47CB-92B4-0F203CF430E5}.Release|Any CPU.Build.0 = Release|Any CPU
	EndGlobalSection
	GlobalSection(SolutionProperties) = preSolution
		HideSolutionNode = FALSE
	EndGlobalSection
	GlobalSection(NestedProjects) = preSolution
		{7FA7F78C-DD26-47F5-B23A-6C61572352C3} = {02EA681E-C7D8-13C7-8484-4AC65E1B71E8}
		{F1A66655-BB20-4AF4-B6A1-F29CEA282750} = {02EA681E-C7D8-13C7-8484-4AC65E1B71E8}
		{8B8892EA-0C1C-4F95-9AF9-3BBFF6C15E1A} = {02EA681E-C7D8-13C7-8484-4AC65E1B71E8}
		{AA181F3C-B7E8-4929-929B-417FB7CFE258} = {7FA7F78C-DD26-47F5-B23A-6C61572352C3}
		{2EEC597F-CF83-4F51-9FBA-E9A2FB0EFC64} = {7FA7F78C-DD26-47F5-B23A-6C61572352C3}
		{E74A15B6-B16F-40C6-BFB8-645C96A56D33} = {7FA7F78C-DD26-47F5-B23A-6C61572352C3}
		{02EE0E31-8175-4A1D-B836-EBEE2AFF8DB9} = {F1A66655-BB20-4AF4-B6A1-F29CEA282750}
		{DF94F058-E707-4007-AF77-2953B32F0522} = {8B8892EA-0C1C-4F95-9AF9-3BBFF6C15E1A}
		{46693473-71D0-4761-A375-857A06E27FF2} = {A6D7105F-8BAD-4AF3-8C27-BF9A36C35D33}
		{A8D09E77-BEDB-4B94-A03D-52670A27BB03} = {A6D7105F-8BAD-4AF3-8C27-BF9A36C35D33}
		{504F4A5E-C9F2-4DAC-94D0-03802442844A} = {F1A66655-BB20-4AF4-B6A1-F29CEA282750}
		{1AFA3EC2-47BF-47CB-92B4-0F203CF430E5} = {F1A66655-BB20-4AF4-B6A1-F29CEA282750}
	EndGlobalSection
	GlobalSection(ExtensibilityGlobals) = postSolution
		SolutionGuid = {9E140349-28EC-43CB-8403-F007DE6114B0}
	EndGlobalSection
EndGlobal
